
Microsoft Visual Studio Solution File, Format Version 12.00
# Visual Studio Version 16
VisualStudioVersion = 16.0.31005.135
MinimumVisualStudioVersion = 10.0.40219.1
Project("{9A19103F-16F7-4668-BE54-9A1E7A4F7556}") = "SchoolManagementSystem.API", "SchoolManagementSystem.API\SchoolManagementSystem.API.csproj", "{6595D512-846F-4493-8348-F6F62F40BFD7}"
EndProject
Project("{9A19103F-16F7-4668-BE54-9A1E7A4F7556}") = "SchoolManagementSystem.Application", "SchoolManagementSystem.Application\SchoolManagementSystem.Application.csproj", "{DF9A5C9D-600D-448F-8B8E-0277BD78F3DC}"
EndProject
Project("{9A19103F-16F7-4668-BE54-9A1E7A4F7556}") = "SchoolManagementSystem.Domain", "SchoolManagementSystem.Domain\SchoolManagementSystem.Domain.csproj", "{604E3600-A647-4304-AD07-6F9BA50FE4B1}"
EndProject
Project("{9A19103F-16F7-4668-BE54-9A1E7A4F7556}") = "SchoolManagementSystem.Infrastructure", "SchoolManagementSystem.Infrastructure\SchoolManagementSystem.Infrastructure.csproj", "{8CC8981B-6E89-4407-8225-EAA6182F904B}"
EndProject
Global
	GlobalSection(SolutionConfigurationPlatforms) = preSolution
		Debug|Any CPU = Debug|Any CPU
		Release|Any CPU = Release|Any CPU
	EndGlobalSection
	GlobalSection(ProjectConfigurationPlatforms) = postSolution
		{6595D512-846F-4493-8348-F6F62F40BFD7}.Debug|Any CPU.ActiveCfg = Debug|Any CPU
		{6595D512-846F-4493-8348-F6F62F40BFD7}.Debug|Any CPU.Build.0 = Debug|Any CPU
		{6595D512-846F-4493-8348-F6F62F40BFD7}.Release|Any CPU.ActiveCfg = Release|Any CPU
		{6595D512-846F-4493-8348-F6F62F40BFD7}.Release|Any CPU.Build.0 = Release|Any CPU
		{DF9A5C9D-600D-448F-8B8E-0277BD78F3DC}.Debug|Any CPU.ActiveCfg = Debug|Any CPU
		{DF9A5C9D-600D-448F-8B8E-0277BD78F3DC}.Debug|Any CPU.Build.0 = Debug|Any CPU
		{DF9A5C9D-600D-448F-8B8E-0277BD78F3DC}.Release|Any CPU.ActiveCfg = Release|Any CPU
		{DF9A5C9D-600D-448F-8B8E-0277BD78F3DC}.Release|Any CPU.Build.0 = Release|Any CPU
		{604E3600-A647-4304-AD07-6F9BA50FE4B1}.Debug|Any CPU.ActiveCfg = Debug|Any CPU
		{604E3600-A647-4304-AD07-6F9BA50FE4B1}.Debug|Any CPU.Build.0 = Debug|Any CPU
		{604E3600-A647-4304-AD07-6F9BA50FE4B1}.Release|Any CPU.ActiveCfg = Release|Any CPU
		{604E3600-A647-4304-AD07-6F9BA50FE4B1}.Release|Any CPU.Build.0 = Release|Any CPU
		{8CC8981B-6E89-4407-8225-EAA6182F904B}.Debug|Any CPU.ActiveCfg = Debug|Any CPU
		{8CC8981B-6E89-4407-8225-EAA6182F904B}.Debug|Any CPU.Build.0 = Debug|Any CPU
		{8CC8981B-6E89-4407-8225-EAA6182F904B}.Release|Any CPU.ActiveCfg = Release|Any CPU
		{8CC8981B-6E89-4407-8225-EAA6182F904B}.Release|Any CPU.Build.0 = Release|Any CPU
	EndGlobalSection
	GlobalSection(SolutionProperties) = preSolution
		HideSolutionNode = FALSE
	EndGlobalSection
	GlobalSection(ExtensibilityGlobals) = postSolution
		SolutionGuid = {FB86BD77-2582-4D94-860F-DC997817434E}
	EndGlobalSection
EndGlobal
